
Microsoft Visual Studio Solution File, Format Version 11.00
# Visual Studio 2010
Project("{FAE04EC0-301F-11D3-BF4B-00C04F79EFBC}") = "JQueryMobileSite1", "JQueryMobileSite1\JQueryMobileSite1.csproj", "{FED8B9ED-7D39-4279-8C6C-A7BF80A6836C}"
EndProject
Global
	GlobalSection(SolutionConfigurationPlatforms) = preSolution
		Debug|Any CPU = Debug|Any CPU
		Release|Any CPU = Release|Any CPU
	EndGlobalSection
	GlobalSection(ProjectConfigurationPlatforms) = postSolution
		{FED8B9ED-7D39-4279-8C6C-A7BF80A6836C}.Debug|Any CPU.ActiveCfg = Debug|Any CPU
		{FED8B9ED-7D39-4279-8C6C-A7BF80A6836C}.Debug|Any CPU.Build.0 = Debug|Any CPU
		{FED8B9ED-7D39-4279-8C6C-A7BF80A6836C}.Release|Any CPU.ActiveCfg = Release|Any CPU
		{FED8B9ED-7D39-4279-8C6C-A7BF80A6836C}.Release|Any CPU.Build.0 = Release|Any CPU
	EndGlobalSection
	GlobalSection(SolutionProperties) = preSolution
		HideSolutionNode = FALSE
	EndGlobalSection
EndGlobal
